
Microsoft Visual Studio Solution File, Format Version 12.00
# Visual Studio Express 14 for Windows Desktop
VisualStudioVersion = 14.0.25420.1
MinimumVisualStudioVersion = 10.0.40219.1
Project("{FAE04EC0-301F-11D3-BF4B-00C04F79EFBC}") = "JustaShader", "JustaShader\JustaShader\JustaShader.csproj", "{74953627-D0D4-4F3A-B4E4-3FEF1560F8B8}"
EndProject
Project("{96E2B04D-8817-42C6-938A-82C39BA4D311}") = "JustaShaderContent", "JustaShader\JustaShaderContent\JustaShaderContent.contentproj", "{EB2A240E-2A52-4356-90B4-CBA4D25DE202}"
EndProject
Global
	GlobalSection(SolutionConfigurationPlatforms) = preSolution
		Debug|x86 = Debug|x86
		Release|x86 = Release|x86
	EndGlobalSection
	GlobalSection(ProjectConfigurationPlatforms) = postSolution
		{74953627-D0D4-4F3A-B4E4-3FEF1560F8B8}.Debug|x86.ActiveCfg = Debug|x86
		{74953627-D0D4-4F3A-B4E4-3FEF1560F8B8}.Debug|x86.Build.0 = Debug|x86
		{74953627-D0D4-4F3A-B4E4-3FEF1560F8B8}.Release|x86.ActiveCfg = Release|x86
		{74953627-D0D4-4F3A-B4E4-3FEF1560F8B8}.Release|x86.Build.0 = Release|x86
		{EB2A240E-2A52-4356-90B4-CBA4D25DE202}.Debug|x86.ActiveCfg = Debug|x86
		{EB2A240E-2A52-4356-90B4-CBA4D25DE202}.Release|x86.ActiveCfg = Release|x86
	EndGlobalSection
	GlobalSection(SolutionProperties) = preSolution
		HideSolutionNode = FALSE
	EndGlobalSection
EndGlobal
